
Microsoft Visual Studio Solution File, Format Version 12.00
# Visual Studio Version 17
VisualStudioVersion = 17.11.35327.3
MinimumVisualStudioVersion = 10.0.40219.1
Project("{2150E333-8FDC-42A3-9474-1A3956D46DE8}") = "Solution Items", "Solution Items", "{2FAEFE2F-46F4-4EDB-9083-4469BDAA5F53}"
	ProjectSection(SolutionItems) = preProject
		.gitignore = .gitignore
		.github\workflows\Build.yml = .github\workflows\Build.yml
		.github\dependabot.yml = .github\dependabot.yml
		GitVersion.yml = GitVersion.yml
		README.md = README.md
		.github\workflows\rebase-maintenance.yml = .github\workflows\rebase-maintenance.yml
	EndProjectSection
EndProject
Project("{FAE04EC0-301F-11D3-BF4B-00C04F79EFBC}") = "Diagnostics.OpenTelemetry", "Diagnostics.OpenTelemetry\Diagnostics.OpenTelemetry.csproj", "{F9E1ADC5-8E06-46DB-8052-4BC8A40CC95A}"
EndProject
Project("{FAE04EC0-301F-11D3-BF4B-00C04F79EFBC}") = "Diagnostics.OpenTelemetry.Tests", "Diagnostics.OpenTelemetry.Tests\Diagnostics.OpenTelemetry.Tests.csproj", "{5CDFF1A8-E66C-4248-BF86-EFFF6ECEADBA}"
EndProject
Global
	GlobalSection(SolutionConfigurationPlatforms) = preSolution
		Debug|Any CPU = Debug|Any CPU
		Local|Any CPU = Local|Any CPU
		Release|Any CPU = Release|Any CPU
	EndGlobalSection
	GlobalSection(ProjectConfigurationPlatforms) = postSolution
		{F9E1ADC5-8E06-46DB-8052-4BC8A40CC95A}.Debug|Any CPU.ActiveCfg = Debug|Any CPU
		{F9E1ADC5-8E06-46DB-8052-4BC8A40CC95A}.Debug|Any CPU.Build.0 = Debug|Any CPU
		{F9E1ADC5-8E06-46DB-8052-4BC8A40CC95A}.Local|Any CPU.ActiveCfg = Debug|Any CPU
		{F9E1ADC5-8E06-46DB-8052-4BC8A40CC95A}.Local|Any CPU.Build.0 = Debug|Any CPU
		{F9E1ADC5-8E06-46DB-8052-4BC8A40CC95A}.Release|Any CPU.ActiveCfg = Release|Any CPU
		{F9E1ADC5-8E06-46DB-8052-4BC8A40CC95A}.Release|Any CPU.Build.0 = Release|Any CPU
		{5CDFF1A8-E66C-4248-BF86-EFFF6ECEADBA}.Debug|Any CPU.ActiveCfg = Debug|Any CPU
		{5CDFF1A8-E66C-4248-BF86-EFFF6ECEADBA}.Debug|Any CPU.Build.0 = Debug|Any CPU
		{5CDFF1A8-E66C-4248-BF86-EFFF6ECEADBA}.Local|Any CPU.ActiveCfg = Debug|Any CPU
		{5CDFF1A8-E66C-4248-BF86-EFFF6ECEADBA}.Local|Any CPU.Build.0 = Debug|Any CPU
		{5CDFF1A8-E66C-4248-BF86-EFFF6ECEADBA}.Release|Any CPU.ActiveCfg = Release|Any CPU
		{5CDFF1A8-E66C-4248-BF86-EFFF6ECEADBA}.Release|Any CPU.Build.0 = Release|Any CPU
	EndGlobalSection
	GlobalSection(SolutionProperties) = preSolution
		HideSolutionNode = FALSE
	EndGlobalSection
	GlobalSection(ExtensibilityGlobals) = postSolution
		SolutionGuid = {5866B016-7756-4F91-8B25-AA4CEA1B53A9}
	EndGlobalSection
EndGlobal
